
Microsoft Visual Studio Solution File, Format Version 12.00
# Visual Studio Version 16
VisualStudioVersion = 16.0.29102.190
MinimumVisualStudioVersion = 10.0.40219.1
Project("{9A19103F-16F7-4668-BE54-9A1E7A4F7556}") = "DatingSite.Demo", "DatingSite.Demo.csproj", "{51B49AC8-AA6C-44E2-A412-301B29CC7AF4}"
EndProject
Global
	GlobalSection(SolutionConfigurationPlatforms) = preSolution
		Debug|Any CPU = Debug|Any CPU
		Release|Any CPU = Release|Any CPU
	EndGlobalSection
	GlobalSection(ProjectConfigurationPlatforms) = postSolution
		{51B49AC8-AA6C-44E2-A412-301B29CC7AF4}.Debug|Any CPU.ActiveCfg = Debug|Any CPU
		{51B49AC8-AA6C-44E2-A412-301B29CC7AF4}.Debug|Any CPU.Build.0 = Debug|Any CPU
		{51B49AC8-AA6C-44E2-A412-301B29CC7AF4}.Release|Any CPU.ActiveCfg = Release|Any CPU
		{51B49AC8-AA6C-44E2-A412-301B29CC7AF4}.Release|Any CPU.Build.0 = Release|Any CPU
	EndGlobalSection
	GlobalSection(SolutionProperties) = preSolution
		HideSolutionNode = FALSE
	EndGlobalSection
	GlobalSection(ExtensibilityGlobals) = postSolution
		SolutionGuid = {B06E4D41-717F-4DC6-9666-7947C31352FD}
	EndGlobalSection
EndGlobal
